
Microsoft Visual Studio Solution File, Format Version 12.00
# Visual Studio Version 17
VisualStudioVersion = 17.11.35312.102
MinimumVisualStudioVersion = 10.0.40219.1
Project("{FAE04EC0-301F-11D3-BF4B-00C04F79EFBC}") = "Decrypt", "Decrypt\Decrypt.csproj", "{BFE593F8-7DA5-47A1-B954-4E3C8759539D}"
EndProject
Global
	GlobalSection(SolutionConfigurationPlatforms) = preSolution
		Debug|Any CPU = Debug|Any CPU
		Release|Any CPU = Release|Any CPU
	EndGlobalSection
	GlobalSection(ProjectConfigurationPlatforms) = postSolution
		{BFE593F8-7DA5-47A1-B954-4E3C8759539D}.Debug|Any CPU.ActiveCfg = Debug|Any CPU
		{BFE593F8-7DA5-47A1-B954-4E3C8759539D}.Debug|Any CPU.Build.0 = Debug|Any CPU
		{BFE593F8-7DA5-47A1-B954-4E3C8759539D}.Release|Any CPU.ActiveCfg = Release|Any CPU
		{BFE593F8-7DA5-47A1-B954-4E3C8759539D}.Release|Any CPU.Build.0 = Release|Any CPU
	EndGlobalSection
	GlobalSection(SolutionProperties) = preSolution
		HideSolutionNode = FALSE
	EndGlobalSection
	GlobalSection(ExtensibilityGlobals) = postSolution
		SolutionGuid = {5F6F9EC8-FD56-4F05-AF4F-6D8E96C2142C}
	EndGlobalSection
EndGlobal
